# THIS IS AN AUTOGENERATED FILE. DO NOT EDIT THIS FILE DIRECTLY.
# yarn lockfile v1


graphql-tag@^2.10.3:
  version "2.10.3"
  resolved "https://registry.yarnpkg.com/graphql-tag/-/graphql-tag-2.10.3.tgz#ea1baba5eb8fc6339e4c4cf049dabe522b0edf03"
  integrity sha512-4FOv3ZKfA4WdOKJeHdz6B3F/vxBLSgmBcGeAFPf4n1F64ltJUvOOerNj0rsJxONQGdhUMynQIvd6LzB+1J5oKA==

graphql@^15.0.0:
  version "15.0.0"
  resolved "https://registry.yarnpkg.com/graphql/-/graphql-15.0.0.tgz#042a5eb5e2506a2e2111ce41eb446a8e570b8be9"
  integrity sha512-ZyVO1xIF9F+4cxfkdhOJINM+51B06Friuv4M66W7HzUOeFd+vNzUn4vtswYINPi6sysjf1M2Ri/rwZALqgwbaQ==
